// !$*UTF8*$!
{
	archiveVersion = 1;
	classes = {
	};
	objectVersion = 56;
	objects = {

/* Begin PBXBuildFile section */
		6D24F9722A21820C00DA9067 /* Currency.swift in Sources */ = {isa = PBXBuildFile; fileRef = 6D24F9712A21820C00DA9067 /* Currency.swift */; };
		6D9E59A12A1FC2680048EB00 /* homeViewController.swift in Sources */ = {isa = PBXBuildFile; fileRef = 6D9E59A02A1FC2680048EB00 /* homeViewController.swift */; };
		6D9E59A32A1FC2910048EB00 /* SearchViewController.swift in Sources */ = {isa = PBXBuildFile; fileRef = 6D9E59A22A1FC2910048EB00 /* SearchViewController.swift */; };
		6D9E59A52A1FC2AF0048EB00 /* NewsViewController.swift in Sources */ = {isa = PBXBuildFile; fileRef = 6D9E59A42A1FC2AF0048EB00 /* NewsViewController.swift */; };
		6D9E59A72A1FC2CB0048EB00 /* walletViewController.swift in Sources */ = {isa = PBXBuildFile; fileRef = 6D9E59A62A1FC2CB0048EB00 /* walletViewController.swift */; };
		6D9E59A92A1FC2E90048EB00 /* translateViewController.swift in Sources */ = {isa = PBXBuildFile; fileRef = 6D9E59A82A1FC2E90048EB00 /* translateViewController.swift */; };
		6DBF7D8C2A1F7AFD00B2B1F2 /* AppDelegate.swift in Sources */ = {isa = PBXBuildFile; fileRef = 6DBF7D8B2A1F7AFD00B2B1F2 /* AppDelegate.swift */; };
		6DBF7D8E2A1F7AFD00B2B1F2 /* SceneDelegate.swift in Sources */ = {isa = PBXBuildFile; fileRef = 6DBF7D8D2A1F7AFD00B2B1F2 /* SceneDelegate.swift */; };
		6DBF7D902A1F7AFD00B2B1F2 /* ViewController.swift in Sources */ = {isa = PBXBuildFile; fileRef = 6DBF7D8F2A1F7AFD00B2B1F2 /* ViewController.swift */; };
		6DBF7D932A1F7AFD00B2B1F2 /* Main.storyboard in Resources */ = {isa = PBXBuildFile; fileRef = 6DBF7D912A1F7AFD00B2B1F2 /* Main.storyboard */; };
		6DBF7D952A1F7AFF00B2B1F2 /* Assets.xcassets in Resources */ = {isa = PBXBuildFile; fileRef = 6DBF7D942A1F7AFF00B2B1F2 /* Assets.xcassets */; };
		6DBF7D982A1F7AFF00B2B1F2 /* LaunchScreen.storyboard in Resources */ = {isa = PBXBuildFile; fileRef = 6DBF7D962A1F7AFF00B2B1F2 /* LaunchScreen.storyboard */; };
/* End PBXBuildFile section */

/* Begin PBXFileReference section */
		6D24F9712A21820C00DA9067 /* Currency.swift */ = {isa = PBXFileReference; lastKnownFileType = sourcecode.swift; path = Currency.swift; sourceTree = "<group>"; };
		6D9E59A02A1FC2680048EB00 /* homeViewController.swift */ = {isa = PBXFileReference; lastKnownFileType = sourcecode.swift; path = homeViewController.swift; sourceTree = "<group>"; };
		6D9E59A22A1FC2910048EB00 /* SearchViewController.swift */ = {isa = PBXFileReference; lastKnownFileType = sourcecode.swift; path = SearchViewController.swift; sourceTree = "<group>"; };
		6D9E59A42A1FC2AF0048EB00 /* NewsViewController.swift */ = {isa = PBXFileReference; lastKnownFileType = sourcecode.swift; path = NewsViewController.swift; sourceTree = "<group>"; };
		6D9E59A62A1FC2CB0048EB00 /* walletViewController.swift */ = {isa = PBXFileReference; lastKnownFileType = sourcecode.swift; path = walletViewController.swift; sourceTree = "<group>"; };
		6D9E59A82A1FC2E90048EB00 /* translateViewController.swift */ = {isa = PBXFileReference; lastKnownFileType = sourcecode.swift; path = translateViewController.swift; sourceTree = "<group>"; };
		6DBF7D882A1F7AFD00B2B1F2 /* CurrencyConverter.app */ = {isa = PBXFileReference; explicitFileType = wrapper.application; includeInIndex = 0; path = CurrencyConverter.app; sourceTree = BUILT_PRODUCTS_DIR; };
		6DBF7D8B2A1F7AFD00B2B1F2 /* AppDelegate.swift */ = {isa = PBXFileReference; lastKnownFileType = sourcecode.swift; path = AppDelegate.swift; sourceTree = "<group>"; };
		6DBF7D8D2A1F7AFD00B2B1F2 /* SceneDelegate.swift */ = {isa = PBXFileReference; lastKnownFileType = sourcecode.swift; path = SceneDelegate.swift; sourceTree = "<group>"; };
		6DBF7D8F2A1F7AFD00B2B1F2 /* ViewController.swift */ = {isa = PBXFileReference; lastKnownFileType = sourcecode.swift; path = ViewController.swift; sourceTree = "<group>"; };
		6DBF7D922A1F7AFD00B2B1F2 /* Base */ = {isa = PBXFileReference; lastKnownFileType = file.storyboard; name = Base; path = Base.lproj/Main.storyboard; sourceTree = "<group>"; };
		6DBF7D942A1F7AFF00B2B1F2 /* Assets.xcassets */ = {isa = PBXFileReference; lastKnownFileType = folder.assetcatalog; path = Assets.xcassets; sourceTree = "<group>"; };
		6DBF7D972A1F7AFF00B2B1F2 /* Base */ = {isa = PBXFileReference; lastKnownFileType = file.storyboard; name = Base; path = Base.lproj/LaunchScreen.storyboard; sourceTree = "<group>"; };
		6DBF7D992A1F7AFF00B2B1F2 /* Info.plist */ = {isa = PBXFileReference; lastKnownFileType = text.plist.xml; path = Info.plist; sourceTree = "<group>"; };
/* End PBXFileReference section */

/* Begin PBXFrameworksBuildPhase section */
		6DBF7D852A1F7AFD00B2B1F2 /* Frameworks */ = {
			isa = PBXFrameworksBuildPhase;
			buildActionMask = 2147483647;
			files = (
			);
			runOnlyForDeploymentPostprocessing = 0;
		};
/* End PBXFrameworksBuildPhase section */

/* Begin PBXGroup section */
		6DBF7D7F2A1F7AFD00B2B1F2 = {
			isa = PBXGroup;
			children = (
				6DBF7D8A2A1F7AFD00B2B1F2 /* CurrencyConverter */,
				6DBF7D892A1F7AFD00B2B1F2 /* Products */,
			);
			sourceTree = "<group>";
		};
		6DBF7D892A1F7AFD00B2B1F2 /* Products */ = {
			isa = PBXGroup;
			children = (
				6DBF7D882A1F7AFD00B2B1F2 /* CurrencyConverter.app */,
			);
			name = Products;
			sourceTree = "<group>";
		};
		6DBF7D8A2A1F7AFD00B2B1F2 /* CurrencyConverter */ = {
			isa = PBXGroup;
			children = (
				6DBF7D8B2A1F7AFD00B2B1F2 /* AppDelegate.swift */,
				6DBF7D8D2A1F7AFD00B2B1F2 /* SceneDelegate.swift */,
				6DBF7D8F2A1F7AFD00B2B1F2 /* ViewController.swift */,
				6DBF7D912A1F7AFD00B2B1F2 /* Main.storyboard */,
				6DBF7D942A1F7AFF00B2B1F2 /* Assets.xcassets */,
				6DBF7D962A1F7AFF00B2B1F2 /* LaunchScreen.storyboard */,
				6DBF7D992A1F7AFF00B2B1F2 /* Info.plist */,
				6D9E59A02A1FC2680048EB00 /* homeViewController.swift */,
				6D9E59A22A1FC2910048EB00 /* SearchViewController.swift */,
				6D9E59A42A1FC2AF0048EB00 /* NewsViewController.swift */,
				6D9E59A62A1FC2CB0048EB00 /* walletViewController.swift */,
				6D9E59A82A1FC2E90048EB00 /* translateViewController.swift */,
				6D24F9712A21820C00DA9067 /* Currency.swift */,
			);
			path = CurrencyConverter;
			sourceTree = "<group>";
		};
/* End PBXGroup section */

/* Begin PBXNativeTarget section */
		6DBF7D872A1F7AFD00B2B1F2 /* CurrencyConverter */ = {
			isa = PBXNativeTarget;
			buildConfigurationList = 6DBF7D9C2A1F7AFF00B2B1F2 /* Build configuration list for PBXNativeTarget "CurrencyConverter" */;
			buildPhases = (
				6DBF7D842A1F7AFD00B2B1F2 /* Sources */,
				6DBF7D852A1F7AFD00B2B1F2 /* Frameworks */,
				6DBF7D862A1F7AFD00B2B1F2 /* Resources */,
			);
			buildRules = (
			);
			dependencies = (
			);
			name = CurrencyConverter;
			productName = CurrencyConverter;
			productReference = 6DBF7D882A1F7AFD00B2B1F2 /* CurrencyConverter.app */;
			productType = "com.apple.product-type.application";
		};
/* End PBXNativeTarget section */

/* Begin PBXProject section */
		6DBF7D802A1F7AFD00B2B1F2 /* Project object */ = {
			isa = PBXProject;
			attributes = {
				BuildIndependentTargetsInParallel = 1;
				LastSwiftUpdateCheck = 1420;
				LastUpgradeCheck = 1420;
				TargetAttributes = {
					6DBF7D872A1F7AFD00B2B1F2 = {
						CreatedOnToolsVersion = 14.2;
					};
				};
			};
			buildConfigurationList = 6DBF7D832A1F7AFD00B2B1F2 /* Build configuration list for PBXProject "CurrencyConverter" */;
			compatibilityVersion = "Xcode 14.0";
			developmentRegion = en;
			hasScannedForEncodings = 0;
			knownRegions = (
				en,
				Base,
			);
			mainGroup = 6DBF7D7F2A1F7AFD00B2B1F2;
			productRefGroup = 6DBF7D892A1F7AFD00B2B1F2 /* Products */;
			projectDirPath = "";
			projectRoot = "";
			targets = (
				6DBF7D872A1F7AFD00B2B1F2 /* CurrencyConverter */,
			);
		};
/* End PBXProject section */

/* Begin PBXResourcesBuildPhase section */
		6DBF7D862A1F7AFD00B2B1F2 /* Resources */ = {
			isa = PBXResourcesBuildPhase;
			buildActionMask = 2147483647;
			files = (
				6DBF7D982A1F7AFF00B2B1F2 /* LaunchScreen.storyboard in Resources */,
				6DBF7D952A1F7AFF00B2B1F2 /* Assets.xcassets in Resources */,
				6DBF7D932A1F7AFD00B2B1F2 /* Main.storyboard in Resources */,
			);
			runOnlyForDeploymentPostprocessing = 0;
		};
/* End PBXResourcesBuildPhase section */

/* Begin PBXSourcesBuildPhase section */
		6DBF7D842A1F7AFD00B2B1F2 /* Sources */ = {
			isa = PBXSourcesBuildPhase;
			buildActionMask = 2147483647;
			files = (
				6D24F9722A21820C00DA9067 /* Currency.swift in Sources */,
				6D9E59A32A1FC2910048EB00 /* SearchViewController.swift in Sources */,
				6D9E59A72A1FC2CB0048EB00 /* walletViewController.swift in Sources */,
				6DBF7D902A1F7AFD00B2B1F2 /* ViewController.swift in Sources */,
				6DBF7D8C2A1F7AFD00B2B1F2 /* AppDelegate.swift in Sources */,
				6D9E59A52A1FC2AF0048EB00 /* NewsViewController.swift in Sources */,
				6D9E59A92A1FC2E90048EB00 /* translateViewController.swift in Sources */,
				6DBF7D8E2A1F7AFD00B2B1F2 /* SceneDelegate.swift in Sources */,
				6D9E59A12A1FC2680048EB00 /* homeViewController.swift in Sources */,
			);
			runOnlyForDeploymentPostprocessing = 0;
		};
/* End PBXSourcesBuildPhase section */

/* Begin PBXVariantGroup section */
		6DBF7D912A1F7AFD00B2B1F2 /* Main.storyboard */ = {
			isa = PBXVariantGroup;
			children = (
				6DBF7D922A1F7AFD00B2B1F2 /* Base */,
			);
			name = Main.storyboard;
			sourceTree = "<group>";
		};
		6DBF7D962A1F7AFF00B2B1F2 /* LaunchScreen.storyboard */ = {
			isa = PBXVariantGroup;
			children = (
				6DBF7D972A1F7AFF00B2B1F2 /* Base */,
			);
			name = LaunchScreen.storyboard;
			sourceTree = "<group>";
		};
/* End PBXVariantGroup section */

/* Begin XCBuildConfiguration section */
		6DBF7D9A2A1F7AFF00B2B1F2 /* Debug */ = {
			isa = XCBuildConfiguration;
			buildSettings = {
				ALWAYS_SEARCH_USER_PATHS = NO;
				CLANG_ANALYZER_NONNULL = YES;
				CLANG_ANALYZER_NUMBER_OBJECT_CONVERSION = YES_AGGRESSIVE;
				CLANG_CXX_LANGUAGE_STANDARD = "gnu++20";
				CLANG_ENABLE_MODULES = YES;
				CLANG_ENABLE_OBJC_ARC = YES;
				CLANG_ENABLE_OBJC_WEAK = YES;
				CLANG_WARN_BLOCK_CAPTURE_AUTORELEASING = YES;
				CLANG_WARN_BOOL_CONVERSION = YES;
				CLANG_WARN_COMMA = YES;
				CLANG_WARN_CONSTANT_CONVERSION = YES;
				CLANG_WARN_DEPRECATED_OBJC_IMPLEMENTATIONS = YES;
				CLANG_WARN_DIRECT_OBJC_ISA_USAGE = YES_ERROR;
				CLANG_WARN_DOCUMENTATION_COMMENTS = YES;
				CLANG_WARN_EMPTY_BODY = YES;
				CLANG_WARN_ENUM_CONVERSION = YES;
				CLANG_WARN_INFINITE_RECURSION = YES;
				CLANG_WARN_INT_CONVERSION = YES;
				CLANG_WARN_NON_LITERAL_NULL_CONVERSION = YES;
				CLANG_WARN_OBJC_IMPLICIT_RETAIN_SELF = YES;
				CLANG_WARN_OBJC_LITERAL_CONVERSION = YES;
				CLANG_WARN_OBJC_ROOT_CLASS = YES_ERROR;
				CLANG_WARN_QUOTED_INCLUDE_IN_FRAMEWORK_HEADER = YES;
				CLANG_WARN_RANGE_LOOP_ANALYSIS = YES;
				CLANG_WARN_STRICT_PROTOTYPES = YES;
				CLANG_WARN_SUSPICIOUS_MOVE = YES;
				CLANG_WARN_UNGUARDED_AVAILABILITY = YES_AGGRESSIVE;
				CLANG_WARN_UNREACHABLE_CODE = YES;
				CLANG_WARN__DUPLICATE_METHOD_MATCH = YES;
				COPY_PHASE_STRIP = NO;
				DEBUG_INFORMATION_FORMAT = dwarf;
				ENABLE_STRICT_OBJC_MSGSEND = YES;
				ENABLE_TESTABILITY = YES;
				GCC_C_LANGUAGE_STANDARD = gnu11;
				GCC_DYNAMIC_NO_PIC = NO;
				GCC_NO_COMMON_BLOCKS = YES;
				GCC_OPTIMIZATION_LEVEL = 0;
				GCC_PREPROCESSOR_DEFINITIONS = (
					"DEBUG=1",
					"$(inherited)",
				);
				GCC_WARN_64_TO_32_BIT_CONVERSION = YES;
				GCC_WARN_ABOUT_RETURN_TYPE = YES_ERROR;
				GCC_WARN_UNDECLARED_SELECTOR = YES;
				GCC_WARN_UNINITIALIZED_AUTOS = YES_AGGRESSIVE;
				GCC_WARN_UNUSED_FUNCTION = YES;
				GCC_WARN_UNUSED_VARIABLE = YES;
				IPHONEOS_DEPLOYMENT_TARGET = 16.2;
				MTL_ENABLE_DEBUG_INFO = INCLUDE_SOURCE;
				MTL_FAST_MATH = YES;
				ONLY_ACTIVE_ARCH = YES;
				SDKROOT = iphoneos;
				SWIFT_ACTIVE_COMPILATION_CONDITIONS = DEBUG;
				SWIFT_OPTIMIZATION_LEVEL = "-Onone";
			};
			name = Debug;
		};
		6DBF7D9B2A1F7AFF00B2B1F2 /* Release */ = {
			isa = XCBuildConfiguration;
			buildSettings = {
				ALWAYS_SEARCH_USER_PATHS = NO;
				CLANG_ANALYZER_NONNULL = YES;
				CLANG_ANALYZER_NUMBER_OBJECT_CONVERSION = YES_AGGRESSIVE;
				CLANG_CXX_LANGUAGE_STANDARD = "gnu++20";
				CLANG_ENABLE_MODULES = YES;
				CLANG_ENABLE_OBJC_ARC = YES;
				CLANG_ENABLE_OBJC_WEAK = YES;
				CLANG_WARN_BLOCK_CAPTURE_AUTORELEASING = YES;
				CLANG_WARN_BOOL_CONVERSION = YES;
				CLANG_WARN_COMMA = YES;
				CLANG_WARN_CONSTANT_CONVERSION = YES;
				CLANG_WARN_DEPRECATED_OBJC_IMPLEMENTATIONS = YES;
				CLANG_WARN_DIRECT_OBJC_ISA_USAGE = YES_ERROR;
				CLANG_WARN_DOCUMENTATION_COMMENTS = YES;
				CLANG_WARN_EMPTY_BODY = YES;
				CLANG_WARN_ENUM_CONVERSION = YES;
				CLANG_WARN_INFINITE_RECURSION = YES;
				CLANG_WARN_INT_CONVERSION = YES;
				CLANG_WARN_NON_LITERAL_NULL_CONVERSION = YES;
				CLANG_WARN_OBJC_IMPLICIT_RETAIN_SELF = YES;
				CLANG_WARN_OBJC_LITERAL_CONVERSION = YES;
				CLANG_WARN_OBJC_ROOT_CLASS = YES_ERROR;
				CLANG_WARN_QUOTED_INCLUDE_IN_FRAMEWORK_HEADER = YES;
				CLANG_WARN_RANGE_LOOP_ANALYSIS = YES;
				CLANG_WARN_STRICT_PROTOTYPES = YES;
				CLANG_WARN_SUSPICIOUS_MOVE = YES;
				CLANG_WARN_UNGUARDED_AVAILABILITY = YES_AGGRESSIVE;
				CLANG_WARN_UNREACHABLE_CODE = YES;
				CLANG_WARN__DUPLICATE_METHOD_MATCH = YES;
				COPY_PHASE_STRIP = NO;
				DEBUG_INFORMATION_FORMAT = "dwarf-with-dsym";
				ENABLE_NS_ASSERTIONS = NO;
				ENABLE_STRICT_OBJC_MSGSEND = YES;
				GCC_C_LANGUAGE_STANDARD = gnu11;
				GCC_NO_COMMON_BLOCKS = YES;
				GCC_WARN_64_TO_32_BIT_CONVERSION = YES;
				GCC_WARN_ABOUT_RETURN_TYPE = YES_ERROR;
				GCC_WARN_UNDECLARED_SELECTOR = YES;
				GCC_WARN_UNINITIALIZED_AUTOS = YES_AGGRESSIVE;
				GCC_WARN_UNUSED_FUNCTION = YES;
				GCC_WARN_UNUSED_VARIABLE = YES;
				IPHONEOS_DEPLOYMENT_TARGET = 16.2;
				MTL_ENABLE_DEBUG_INFO = NO;
				MTL_FAST_MATH = YES;
				SDKROOT = iphoneos;
				SWIFT_COMPILATION_MODE = wholemodule;
				SWIFT_OPTIMIZATION_LEVEL = "-O";
				VALIDATE_PRODUCT = YES;
			};
			name = Release;
		};
		6DBF7D9D2A1F7AFF00B2B1F2 /* Debug */ = {
			isa = XCBuildConfiguration;
			buildSettings = {
				ASSETCATALOG_COMPILER_APPICON_NAME = AppIcon;
				ASSETCATALOG_COMPILER_GLOBAL_ACCENT_COLOR_NAME = AccentColor;
				CODE_SIGN_STYLE = Automatic;
				CURRENT_PROJECT_VERSION = 1;
				DEVELOPMENT_TEAM = Q6L5C5XTZ2;
				GENERATE_INFOPLIST_FILE = YES;
				INFOPLIST_FILE = CurrencyConverter/Info.plist;
				INFOPLIST_KEY_UIApplicationSupportsIndirectInputEvents = YES;
				INFOPLIST_KEY_UILaunchStoryboardName = LaunchScreen;
				INFOPLIST_KEY_UIMainStoryboardFile = Main;
				INFOPLIST_KEY_UISupportedInterfaceOrientations_iPad = "UIInterfaceOrientationPortrait UIInterfaceOrientationPortraitUpsideDown UIInterfaceOrientationLandscapeLeft UIInterfaceOrientationLandscapeRight";
				INFOPLIST_KEY_UISupportedInterfaceOrientations_iPhone = "UIInterfaceOrientationPortrait UIInterfaceOrientationLandscapeLeft UIInterfaceOrientationLandscapeRight";
				LD_RUNPATH_SEARCH_PATHS = (
					"$(inherited)",
					"@executable_path/Frameworks",
				);
				MARKETING_VERSION = 1.0;
				PRODUCT_BUNDLE_IDENTIFIER = com.sevdaabbasi.newApp.CurrencyConverter;
				PRODUCT_NAME = "$(TARGET_NAME)";
				SWIFT_EMIT_LOC_STRINGS = YES;
				SWIFT_VERSION = 5.0;
				TARGETED_DEVICE_FAMILY = "1,2";
			};
			name = Debug;
		};
		6DBF7D9E2A1F7AFF00B2B1F2 /* Release */ = {
			isa = XCBuildConfiguration;
			buildSettings = {
				ASSETCATALOG_COMPILER_APPICON_NAME = AppIcon;
				ASSETCATALOG_COMPILER_GLOBAL_ACCENT_COLOR_NAME = AccentColor;
				CODE_SIGN_STYLE = Automatic;
				CURRENT_PROJECT_VERSION = 1;
				DEVELOPMENT_TEAM = Q6L5C5XTZ2;
				GENERATE_INFOPLIST_FILE = YES;
				INFOPLIST_FILE = CurrencyConverter/Info.plist;
				INFOPLIST_KEY_UIApplicationSupportsIndirectInputEvents = YES;
				INFOPLIST_KEY_UILaunchStoryboardName = LaunchScreen;
				INFOPLIST_KEY_UIMainStoryboardFile = Main;
				INFOPLIST_KEY_UISupportedInterfaceOrientations_iPad = "UIInterfaceOrientationPortrait UIInterfaceOrientationPortraitUpsideDown UIInterfaceOrientationLandscapeLeft UIInterfaceOrientationLandscapeRight";
				INFOPLIST_KEY_UISupportedInterfaceOrientations_iPhone = "UIInterfaceOrientationPortrait UIInterfaceOrientationLandscapeLeft UIInterfaceOrientationLandscapeRight";
				LD_RUNPATH_SEARCH_PATHS = (
					"$(inherited)",
					"@executable_path/Frameworks",
				);
				MARKETING_VERSION = 1.0;
				PRODUCT_BUNDLE_IDENTIFIER = com.sevdaabbasi.newApp.CurrencyConverter;
				PRODUCT_NAME = "$(TARGET_NAME)";
				SWIFT_EMIT_LOC_STRINGS = YES;
				SWIFT_VERSION = 5.0;
				TARGETED_DEVICE_FAMILY = "1,2";
			};
			name = Release;
		};
/* End XCBuildConfiguration section */

/* Begin XCConfigurationList section */
		6DBF7D832A1F7AFD00B2B1F2 /* Build configuration list for PBXProject "CurrencyConverter" */ = {
			isa = XCConfigurationList;
			buildConfigurations = (
				6DBF7D9A2A1F7AFF00B2B1F2 /* Debug */,
				6DBF7D9B2A1F7AFF00B2B1F2 /* Release */,
			);
			defaultConfigurationIsVisible = 0;
			defaultConfigurationName = Release;
		};
		6DBF7D9C2A1F7AFF00B2B1F2 /* Build configuration list for PBXNativeTarget "CurrencyConverter" */ = {
			isa = XCConfigurationList;
			buildConfigurations = (
				6DBF7D9D2A1F7AFF00B2B1F2 /* Debug */,
				6DBF7D9E2A1F7AFF00B2B1F2 /* Release */,
			);
			defaultConfigurationIsVisible = 0;
			defaultConfigurationName = Release;
		};
/* End XCConfigurationList section */
	};
	rootObject = 6DBF7D802A1F7AFD00B2B1F2 /* Project object */;
}
